
Microsoft Visual Studio Solution File, Format Version 12.00
# Visual Studio Version 17
VisualStudioVersion = 17.8.34309.116
MinimumVisualStudioVersion = 10.0.40219.1
Project("{FAE04EC0-301F-11D3-BF4B-00C04F79EFBC}") = "WindowsFormsApp1", "WindowsFormsApp1\WindowsFormsApp1.csproj", "{2354371A-5E41-460F-B22B-87E0A9FDBE6D}"
EndProject
Global
	GlobalSection(SolutionConfigurationPlatforms) = preSolution
		Debug|Any CPU = Debug|Any CPU
		Release|Any CPU = Release|Any CPU
	EndGlobalSection
	GlobalSection(ProjectConfigurationPlatforms) = postSolution
		{2354371A-5E41-460F-B22B-87E0A9FDBE6D}.Debug|Any CPU.ActiveCfg = Debug|Any CPU
		{2354371A-5E41-460F-B22B-87E0A9FDBE6D}.Debug|Any CPU.Build.0 = Debug|Any CPU
		{2354371A-5E41-460F-B22B-87E0A9FDBE6D}.Release|Any CPU.ActiveCfg = Release|Any CPU
		{2354371A-5E41-460F-B22B-87E0A9FDBE6D}.Release|Any CPU.Build.0 = Release|Any CPU
	EndGlobalSection
	GlobalSection(SolutionProperties) = preSolution
		HideSolutionNode = FALSE
	EndGlobalSection
	GlobalSection(ExtensibilityGlobals) = postSolution
		SolutionGuid = {53E03B21-0C42-47AB-919D-3C93F2CCAFF7}
	EndGlobalSection
EndGlobal
