
Microsoft Visual Studio Solution File, Format Version 12.00
# Visual Studio Version 17
VisualStudioVersion = 17.8.34309.116
MinimumVisualStudioVersion = 10.0.40219.1
Project("{FAE04EC0-301F-11D3-BF4B-00C04F79EFBC}") = "WindowsFormsApp3", "WindowsFormsApp3\WindowsFormsApp3.csproj", "{7A7455CF-9EB0-4CD3-8A67-402EDB226EAD}"
EndProject
Global
	GlobalSection(SolutionConfigurationPlatforms) = preSolution
		Debug|Any CPU = Debug|Any CPU
		Release|Any CPU = Release|Any CPU
	EndGlobalSection
	GlobalSection(ProjectConfigurationPlatforms) = postSolution
		{7A7455CF-9EB0-4CD3-8A67-402EDB226EAD}.Debug|Any CPU.ActiveCfg = Debug|Any CPU
		{7A7455CF-9EB0-4CD3-8A67-402EDB226EAD}.Debug|Any CPU.Build.0 = Debug|Any CPU
		{7A7455CF-9EB0-4CD3-8A67-402EDB226EAD}.Release|Any CPU.ActiveCfg = Release|Any CPU
		{7A7455CF-9EB0-4CD3-8A67-402EDB226EAD}.Release|Any CPU.Build.0 = Release|Any CPU
	EndGlobalSection
	GlobalSection(SolutionProperties) = preSolution
		HideSolutionNode = FALSE
	EndGlobalSection
	GlobalSection(ExtensibilityGlobals) = postSolution
		SolutionGuid = {384D41A5-CF9B-4FF2-8E51-EDAF99CDA758}
	EndGlobalSection
EndGlobal
